
Microsoft Visual Studio Solution File, Format Version 12.00
# Visual Studio Version 17
VisualStudioVersion = 17.3.32825.248
MinimumVisualStudioVersion = 10.0.40219.1
Project("{FAE04EC0-301F-11D3-BF4B-00C04F79EFBC}") = "Masala1", "Masala1\Masala1.csproj", "{454773D2-E1A3-48DB-A432-B05FDF4B2EBC}"
EndProject
Global
	GlobalSection(SolutionConfigurationPlatforms) = preSolution
		Debug|Any CPU = Debug|Any CPU
		Release|Any CPU = Release|Any CPU
	EndGlobalSection
	GlobalSection(ProjectConfigurationPlatforms) = postSolution
		{454773D2-E1A3-48DB-A432-B05FDF4B2EBC}.Debug|Any CPU.ActiveCfg = Debug|Any CPU
		{454773D2-E1A3-48DB-A432-B05FDF4B2EBC}.Debug|Any CPU.Build.0 = Debug|Any CPU
		{454773D2-E1A3-48DB-A432-B05FDF4B2EBC}.Release|Any CPU.ActiveCfg = Release|Any CPU
		{454773D2-E1A3-48DB-A432-B05FDF4B2EBC}.Release|Any CPU.Build.0 = Release|Any CPU
	EndGlobalSection
	GlobalSection(SolutionProperties) = preSolution
		HideSolutionNode = FALSE
	EndGlobalSection
	GlobalSection(ExtensibilityGlobals) = postSolution
		SolutionGuid = {CE90B87C-579E-4D94-BC27-768D9299E76B}
	EndGlobalSection
EndGlobal
