
Microsoft Visual Studio Solution File, Format Version 12.00
# Visual Studio Version 17
VisualStudioVersion = 17.3.32825.248
MinimumVisualStudioVersion = 10.0.40219.1
Project("{FAE04EC0-301F-11D3-BF4B-00C04F79EFBC}") = "Middleware_8_11", "Middleware_8_11\Middleware_8_11.csproj", "{FB4712C9-6233-4F73-B553-CFDE126D54BA}"
EndProject
Global
	GlobalSection(SolutionConfigurationPlatforms) = preSolution
		Debug|Any CPU = Debug|Any CPU
		Release|Any CPU = Release|Any CPU
	EndGlobalSection
	GlobalSection(ProjectConfigurationPlatforms) = postSolution
		{FB4712C9-6233-4F73-B553-CFDE126D54BA}.Debug|Any CPU.ActiveCfg = Debug|Any CPU
		{FB4712C9-6233-4F73-B553-CFDE126D54BA}.Debug|Any CPU.Build.0 = Debug|Any CPU
		{FB4712C9-6233-4F73-B553-CFDE126D54BA}.Release|Any CPU.ActiveCfg = Release|Any CPU
		{FB4712C9-6233-4F73-B553-CFDE126D54BA}.Release|Any CPU.Build.0 = Release|Any CPU
	EndGlobalSection
	GlobalSection(SolutionProperties) = preSolution
		HideSolutionNode = FALSE
	EndGlobalSection
	GlobalSection(ExtensibilityGlobals) = postSolution
		SolutionGuid = {45769572-ACE6-40D9-AF84-E871B6655040}
	EndGlobalSection
EndGlobal
