
Microsoft Visual Studio Solution File, Format Version 12.00
# Visual Studio Version 17
VisualStudioVersion = 17.3.32825.248
MinimumVisualStudioVersion = 10.0.40219.1
Project("{FAE04EC0-301F-11D3-BF4B-00C04F79EFBC}") = "4.11.2022 - WebApi", "4.11.2022 - WebApi\4.11.2022 - WebApi.csproj", "{A0027612-DFCC-4175-B28C-B10B0361B14B}"
EndProject
Global
	GlobalSection(SolutionConfigurationPlatforms) = preSolution
		Debug|Any CPU = Debug|Any CPU
		Release|Any CPU = Release|Any CPU
	EndGlobalSection
	GlobalSection(ProjectConfigurationPlatforms) = postSolution
		{A0027612-DFCC-4175-B28C-B10B0361B14B}.Debug|Any CPU.ActiveCfg = Debug|Any CPU
		{A0027612-DFCC-4175-B28C-B10B0361B14B}.Debug|Any CPU.Build.0 = Debug|Any CPU
		{A0027612-DFCC-4175-B28C-B10B0361B14B}.Release|Any CPU.ActiveCfg = Release|Any CPU
		{A0027612-DFCC-4175-B28C-B10B0361B14B}.Release|Any CPU.Build.0 = Release|Any CPU
	EndGlobalSection
	GlobalSection(SolutionProperties) = preSolution
		HideSolutionNode = FALSE
	EndGlobalSection
	GlobalSection(ExtensibilityGlobals) = postSolution
		SolutionGuid = {6FA5DF6A-DEC1-4EB9-A373-41EE85982CDC}
	EndGlobalSection
EndGlobal
